
Microsoft Visual Studio Solution File, Format Version 12.00
# Visual Studio Version 17
VisualStudioVersion = 17.10.35013.160
MinimumVisualStudioVersion = 10.0.40219.1
Project("{FAE04EC0-301F-11D3-BF4B-00C04F79EFBC}") = "Wk4Challenge1", "Wk4Challenge1.csproj", "{05157B9E-C776-4985-A49B-26209E394BF9}"
EndProject
Global
	GlobalSection(SolutionConfigurationPlatforms) = preSolution
		Debug|Any CPU = Debug|Any CPU
		Release|Any CPU = Release|Any CPU
	EndGlobalSection
	GlobalSection(ProjectConfigurationPlatforms) = postSolution
		{05157B9E-C776-4985-A49B-26209E394BF9}.Debug|Any CPU.ActiveCfg = Debug|Any CPU
		{05157B9E-C776-4985-A49B-26209E394BF9}.Debug|Any CPU.Build.0 = Debug|Any CPU
		{05157B9E-C776-4985-A49B-26209E394BF9}.Release|Any CPU.ActiveCfg = Release|Any CPU
		{05157B9E-C776-4985-A49B-26209E394BF9}.Release|Any CPU.Build.0 = Release|Any CPU
	EndGlobalSection
	GlobalSection(SolutionProperties) = preSolution
		HideSolutionNode = FALSE
	EndGlobalSection
	GlobalSection(ExtensibilityGlobals) = postSolution
		SolutionGuid = {3B6DFFA0-4AC6-4B92-8779-5AD54450F567}
	EndGlobalSection
EndGlobal
