
Microsoft Visual Studio Solution File, Format Version 12.00
# Visual Studio Version 17
VisualStudioVersion = 17.10.35013.160
MinimumVisualStudioVersion = 10.0.40219.1
Project("{FAE04EC0-301F-11D3-BF4B-00C04F79EFBC}") = "Wk4Challenge2", "Wk4Challenge2.csproj", "{164AA7EA-F3D9-4028-AF0E-BDCA785B4226}"
EndProject
Global
	GlobalSection(SolutionConfigurationPlatforms) = preSolution
		Debug|Any CPU = Debug|Any CPU
		Release|Any CPU = Release|Any CPU
	EndGlobalSection
	GlobalSection(ProjectConfigurationPlatforms) = postSolution
		{164AA7EA-F3D9-4028-AF0E-BDCA785B4226}.Debug|Any CPU.ActiveCfg = Debug|Any CPU
		{164AA7EA-F3D9-4028-AF0E-BDCA785B4226}.Debug|Any CPU.Build.0 = Debug|Any CPU
		{164AA7EA-F3D9-4028-AF0E-BDCA785B4226}.Release|Any CPU.ActiveCfg = Release|Any CPU
		{164AA7EA-F3D9-4028-AF0E-BDCA785B4226}.Release|Any CPU.Build.0 = Release|Any CPU
	EndGlobalSection
	GlobalSection(SolutionProperties) = preSolution
		HideSolutionNode = FALSE
	EndGlobalSection
	GlobalSection(ExtensibilityGlobals) = postSolution
		SolutionGuid = {22A7DC7E-B818-47B5-9930-483561A25910}
	EndGlobalSection
EndGlobal
